
Microsoft Visual Studio Solution File, Format Version 12.00
# Visual Studio Version 17
VisualStudioVersion = 17.11.35312.102
MinimumVisualStudioVersion = 10.0.40219.1
Project("{FAE04EC0-301F-11D3-BF4B-00C04F79EFBC}") = "Person Details (1)", "Person Details (1)\Person Details (1).csproj", "{7CBF88DA-89B9-4FB7-8A40-946C6E4D371C}"
EndProject
Project("{FAE04EC0-301F-11D3-BF4B-00C04F79EFBC}") = "(2) methodOverloading", "(2) methodOverloading\(2) methodOverloading.csproj", "{8A8B4788-6F90-47DE-BCD2-6B3FEB6EC1A8}"
EndProject
Project("{FAE04EC0-301F-11D3-BF4B-00C04F79EFBC}") = "(3) PrepareBill", "(3) PrepareBill\(3) PrepareBill.csproj", "{75C6ACEB-D92D-451F-8908-1228E99C30B9}"
EndProject
Project("{FAE04EC0-301F-11D3-BF4B-00C04F79EFBC}") = "Interface(BroadbandPlan)", "Interface(BroadbandPlan)\Interface(BroadbandPlan).csproj", "{E320D8D2-10C2-4001-BA72-D0D273DDCBB7}"
EndProject
Project("{FAE04EC0-301F-11D3-BF4B-00C04F79EFBC}") = "(5) Delegate", "(5) Delegate\(5) Delegate.csproj", "{ED6C825D-1685-4FD3-B063-D2513EA0DBA8}"
EndProject
Global
	GlobalSection(SolutionConfigurationPlatforms) = preSolution
		Debug|Any CPU = Debug|Any CPU
		Release|Any CPU = Release|Any CPU
	EndGlobalSection
	GlobalSection(ProjectConfigurationPlatforms) = postSolution
		{7CBF88DA-89B9-4FB7-8A40-946C6E4D371C}.Debug|Any CPU.ActiveCfg = Debug|Any CPU
		{7CBF88DA-89B9-4FB7-8A40-946C6E4D371C}.Debug|Any CPU.Build.0 = Debug|Any CPU
		{7CBF88DA-89B9-4FB7-8A40-946C6E4D371C}.Release|Any CPU.ActiveCfg = Release|Any CPU
		{7CBF88DA-89B9-4FB7-8A40-946C6E4D371C}.Release|Any CPU.Build.0 = Release|Any CPU
		{8A8B4788-6F90-47DE-BCD2-6B3FEB6EC1A8}.Debug|Any CPU.ActiveCfg = Debug|Any CPU
		{8A8B4788-6F90-47DE-BCD2-6B3FEB6EC1A8}.Debug|Any CPU.Build.0 = Debug|Any CPU
		{8A8B4788-6F90-47DE-BCD2-6B3FEB6EC1A8}.Release|Any CPU.ActiveCfg = Release|Any CPU
		{8A8B4788-6F90-47DE-BCD2-6B3FEB6EC1A8}.Release|Any CPU.Build.0 = Release|Any CPU
		{75C6ACEB-D92D-451F-8908-1228E99C30B9}.Debug|Any CPU.ActiveCfg = Debug|Any CPU
		{75C6ACEB-D92D-451F-8908-1228E99C30B9}.Debug|Any CPU.Build.0 = Debug|Any CPU
		{75C6ACEB-D92D-451F-8908-1228E99C30B9}.Release|Any CPU.ActiveCfg = Release|Any CPU
		{75C6ACEB-D92D-451F-8908-1228E99C30B9}.Release|Any CPU.Build.0 = Release|Any CPU
		{E320D8D2-10C2-4001-BA72-D0D273DDCBB7}.Debug|Any CPU.ActiveCfg = Debug|Any CPU
		{E320D8D2-10C2-4001-BA72-D0D273DDCBB7}.Debug|Any CPU.Build.0 = Debug|Any CPU
		{E320D8D2-10C2-4001-BA72-D0D273DDCBB7}.Release|Any CPU.ActiveCfg = Release|Any CPU
		{E320D8D2-10C2-4001-BA72-D0D273DDCBB7}.Release|Any CPU.Build.0 = Release|Any CPU
		{ED6C825D-1685-4FD3-B063-D2513EA0DBA8}.Debug|Any CPU.ActiveCfg = Debug|Any CPU
		{ED6C825D-1685-4FD3-B063-D2513EA0DBA8}.Debug|Any CPU.Build.0 = Debug|Any CPU
		{ED6C825D-1685-4FD3-B063-D2513EA0DBA8}.Release|Any CPU.ActiveCfg = Release|Any CPU
		{ED6C825D-1685-4FD3-B063-D2513EA0DBA8}.Release|Any CPU.Build.0 = Release|Any CPU
	EndGlobalSection
	GlobalSection(SolutionProperties) = preSolution
		HideSolutionNode = FALSE
	EndGlobalSection
	GlobalSection(ExtensibilityGlobals) = postSolution
		SolutionGuid = {04C4DDE6-7285-49CD-99EB-3C9595EFC295}
	EndGlobalSection
EndGlobal
